
Microsoft Visual Studio Solution File, Format Version 12.00
# Visual Studio Version 16
VisualStudioVersion = 16.0.31025.194
MinimumVisualStudioVersion = 10.0.40219.1
Project("{FAE04EC0-301F-11D3-BF4B-00C04F79EFBC}") = "UploadSP", "UploadSP.csproj", "{6AEEAADE-2C94-43E5-8405-3A4CAD533544}"
EndProject
Global
	GlobalSection(SolutionConfigurationPlatforms) = preSolution
		Debug|Any CPU = Debug|Any CPU
		Release|Any CPU = Release|Any CPU
	EndGlobalSection
	GlobalSection(ProjectConfigurationPlatforms) = postSolution
		{6AEEAADE-2C94-43E5-8405-3A4CAD533544}.Debug|Any CPU.ActiveCfg = Debug|Any CPU
		{6AEEAADE-2C94-43E5-8405-3A4CAD533544}.Debug|Any CPU.Build.0 = Debug|Any CPU
		{6AEEAADE-2C94-43E5-8405-3A4CAD533544}.Release|Any CPU.ActiveCfg = Release|Any CPU
		{6AEEAADE-2C94-43E5-8405-3A4CAD533544}.Release|Any CPU.Build.0 = Release|Any CPU
	EndGlobalSection
	GlobalSection(SolutionProperties) = preSolution
		HideSolutionNode = FALSE
	EndGlobalSection
	GlobalSection(ExtensibilityGlobals) = postSolution
		SolutionGuid = {29F0524C-FD24-4B1D-8BA0-7D8B511D2547}
	EndGlobalSection
EndGlobal
